# THIS IS AN AUTOGENERATED FILE. DO NOT EDIT THIS FILE DIRECTLY.
# yarn lockfile v1


bing-chat@^0.2.3:
  version "0.2.3"
  resolved "https://registry.npmmirror.com/bing-chat/-/bing-chat-0.2.3.tgz#aba19c55e5dfbe12ceae6e26cbbaf405c146703f"
  integrity sha512-q9JIGqrrEhBEgIhTdtawvxcwQO5sdhMN3uATbLxpd52sH0+Jm7QhtsaodlLUbQgEQGo+YXfFPWWpK5lWMXGvHw==
  dependencies:
    ws "^8.13.0"

typescript@^5.0.4:
  version "5.0.4"
  resolved "https://registry.npmmirror.com/typescript/-/typescript-5.0.4.tgz#b217fd20119bd61a94d4011274e0ab369058da3b"
  integrity sha512-cW9T5W9xY37cc+jfEnaUvX91foxtHkza3Nw3wkoF4sSlKn0MONdkdEndig/qPBWXNkmplh3NzayQzCiHM4/hqw==

ws@^8.13.0:
  version "8.13.0"
  resolved "https://registry.npmmirror.com/ws/-/ws-8.13.0.tgz#9a9fb92f93cf41512a0735c8f4dd09b8a1211cd0"
  integrity sha512-x9vcZYTrFPC7aSIbj7sRCYo7L/Xb8Iy+pW0ng0wt2vCJv7M9HOMy0UoN3rr+IFC7hb7vXoqS+P9ktyLLLhO+LA==
